
Microsoft Visual Studio Solution File, Format Version 12.00
# Visual Studio Version 17
VisualStudioVersion = 17.9.34728.123
MinimumVisualStudioVersion = 10.0.40219.1
Project("{FAE04EC0-301F-11D3-BF4B-00C04F79EFBC}") = "Console", "SmashUpCSharp.Console\Console.csproj", "{3C6EDE81-0BBA-4CAC-A9D8-44157A1161D6}"
EndProject
Project("{FAE04EC0-301F-11D3-BF4B-00C04F79EFBC}") = "Models", "SmashUpCSharp.CardSystem\Models.csproj", "{61114C2E-176A-45A0-A4DD-8A141DFF6A30}"
EndProject
Project("{FAE04EC0-301F-11D3-BF4B-00C04F79EFBC}") = "Services", "Services\Services.csproj", "{70121F43-A2BB-4ECF-9675-184CB1DC8AD9}"
EndProject
Project("{FAE04EC0-301F-11D3-BF4B-00C04F79EFBC}") = "Repositories", "Repositories\Repositories.csproj", "{FB23D230-6C1C-4956-B7B2-07624E7B0662}"
EndProject
Global
	GlobalSection(SolutionConfigurationPlatforms) = preSolution
		Debug|Any CPU = Debug|Any CPU
		Release|Any CPU = Release|Any CPU
	EndGlobalSection
	GlobalSection(ProjectConfigurationPlatforms) = postSolution
		{3C6EDE81-0BBA-4CAC-A9D8-44157A1161D6}.Debug|Any CPU.ActiveCfg = Debug|Any CPU
		{3C6EDE81-0BBA-4CAC-A9D8-44157A1161D6}.Debug|Any CPU.Build.0 = Debug|Any CPU
		{3C6EDE81-0BBA-4CAC-A9D8-44157A1161D6}.Release|Any CPU.ActiveCfg = Release|Any CPU
		{3C6EDE81-0BBA-4CAC-A9D8-44157A1161D6}.Release|Any CPU.Build.0 = Release|Any CPU
		{61114C2E-176A-45A0-A4DD-8A141DFF6A30}.Debug|Any CPU.ActiveCfg = Debug|Any CPU
		{61114C2E-176A-45A0-A4DD-8A141DFF6A30}.Debug|Any CPU.Build.0 = Debug|Any CPU
		{61114C2E-176A-45A0-A4DD-8A141DFF6A30}.Release|Any CPU.ActiveCfg = Release|Any CPU
		{61114C2E-176A-45A0-A4DD-8A141DFF6A30}.Release|Any CPU.Build.0 = Release|Any CPU
		{70121F43-A2BB-4ECF-9675-184CB1DC8AD9}.Debug|Any CPU.ActiveCfg = Debug|Any CPU
		{70121F43-A2BB-4ECF-9675-184CB1DC8AD9}.Debug|Any CPU.Build.0 = Debug|Any CPU
		{70121F43-A2BB-4ECF-9675-184CB1DC8AD9}.Release|Any CPU.ActiveCfg = Release|Any CPU
		{70121F43-A2BB-4ECF-9675-184CB1DC8AD9}.Release|Any CPU.Build.0 = Release|Any CPU
		{FB23D230-6C1C-4956-B7B2-07624E7B0662}.Debug|Any CPU.ActiveCfg = Debug|Any CPU
		{FB23D230-6C1C-4956-B7B2-07624E7B0662}.Debug|Any CPU.Build.0 = Debug|Any CPU
		{FB23D230-6C1C-4956-B7B2-07624E7B0662}.Release|Any CPU.ActiveCfg = Release|Any CPU
		{FB23D230-6C1C-4956-B7B2-07624E7B0662}.Release|Any CPU.Build.0 = Release|Any CPU
	EndGlobalSection
	GlobalSection(SolutionProperties) = preSolution
		HideSolutionNode = FALSE
	EndGlobalSection
	GlobalSection(ExtensibilityGlobals) = postSolution
		SolutionGuid = {AA8C8F33-601E-4AFB-9CB3-B051704109CE}
	EndGlobalSection
EndGlobal
