
Microsoft Visual Studio Solution File, Format Version 12.00
# Visual Studio Version 17
VisualStudioVersion = 17.9.34728.123
MinimumVisualStudioVersion = 10.0.40219.1
Project("{9A19103F-16F7-4668-BE54-9A1E7A4F7556}") = "SmashUp", "SmashUpCSharp.Console\SmashUp.csproj", "{3C6EDE81-0BBA-4CAC-A9D8-44157A1161D6}"
EndProject
Global
	GlobalSection(SolutionConfigurationPlatforms) = preSolution
		Debug|Any CPU = Debug|Any CPU
		Release|Any CPU = Release|Any CPU
	EndGlobalSection
	GlobalSection(ProjectConfigurationPlatforms) = postSolution
		{3C6EDE81-0BBA-4CAC-A9D8-44157A1161D6}.Debug|Any CPU.ActiveCfg = Debug|Any CPU
		{3C6EDE81-0BBA-4CAC-A9D8-44157A1161D6}.Debug|Any CPU.Build.0 = Debug|Any CPU
		{3C6EDE81-0BBA-4CAC-A9D8-44157A1161D6}.Release|Any CPU.ActiveCfg = Release|Any CPU
		{3C6EDE81-0BBA-4CAC-A9D8-44157A1161D6}.Release|Any CPU.Build.0 = Release|Any CPU
	EndGlobalSection
	GlobalSection(SolutionProperties) = preSolution
		HideSolutionNode = FALSE
	EndGlobalSection
	GlobalSection(ExtensibilityGlobals) = postSolution
		SolutionGuid = {AA8C8F33-601E-4AFB-9CB3-B051704109CE}
	EndGlobalSection
EndGlobal
